
Microsoft Visual Studio Solution File, Format Version 12.00
# Visual Studio Version 17
VisualStudioVersion = 17.1.32228.430
MinimumVisualStudioVersion = 10.0.40219.1
Project("{FAE04EC0-301F-11D3-BF4B-00C04F79EFBC}") = "ATM_WinForm", "ATM_WinForm\ATM_WinForm.csproj", "{CAC925D1-F235-4FCF-8003-C267ACF2BB1D}"
EndProject
Global
	GlobalSection(SolutionConfigurationPlatforms) = preSolution
		Debug|Any CPU = Debug|Any CPU
		Release|Any CPU = Release|Any CPU
	EndGlobalSection
	GlobalSection(ProjectConfigurationPlatforms) = postSolution
		{CAC925D1-F235-4FCF-8003-C267ACF2BB1D}.Debug|Any CPU.ActiveCfg = Debug|Any CPU
		{CAC925D1-F235-4FCF-8003-C267ACF2BB1D}.Debug|Any CPU.Build.0 = Debug|Any CPU
		{CAC925D1-F235-4FCF-8003-C267ACF2BB1D}.Release|Any CPU.ActiveCfg = Release|Any CPU
		{CAC925D1-F235-4FCF-8003-C267ACF2BB1D}.Release|Any CPU.Build.0 = Release|Any CPU
	EndGlobalSection
	GlobalSection(SolutionProperties) = preSolution
		HideSolutionNode = FALSE
	EndGlobalSection
	GlobalSection(ExtensibilityGlobals) = postSolution
		SolutionGuid = {15B1EA98-56E0-423E-9C2E-B793D4B798A4}
	EndGlobalSection
EndGlobal
